
Microsoft Visual Studio Solution File, Format Version 12.00
# Visual Studio Version 16
VisualStudioVersion = 16.0.31729.503
MinimumVisualStudioVersion = 10.0.40219.1
Project("{9A19103F-16F7-4668-BE54-9A1E7A4F7556}") = "PhoneBookMembers", "PhoneBookMembers\PhoneBookMembers.csproj", "{3D37A1CF-E151-476C-8136-9EEDD4C684EB}"
EndProject
Project("{9A19103F-16F7-4668-BE54-9A1E7A4F7556}") = "ViewPhoneBookMembers", "ViewPhoneBookMembers\ViewPhoneBookMembers.csproj", "{B05E6423-8502-4044-8DC9-EB9863C0C825}"
	ProjectSection(ProjectDependencies) = postProject
		{3D37A1CF-E151-476C-8136-9EEDD4C684EB} = {3D37A1CF-E151-476C-8136-9EEDD4C684EB}
	EndProjectSection
EndProject
Project("{FAE04EC0-301F-11D3-BF4B-00C04F79EFBC}") = "PhonebookTests", "PhonebookTests\PhonebookTests.csproj", "{EC33B5EB-B0DA-4A8B-A364-7253503281B8}"
EndProject
Project("{FAE04EC0-301F-11D3-BF4B-00C04F79EFBC}") = "PhoneBookMembersTests", "PhoneBookMembersTests\PhoneBookMembersTests.csproj", "{FAEC4E67-B537-4B91-A1D7-AC2F926AA8F5}"
EndProject
Global
	GlobalSection(SolutionConfigurationPlatforms) = preSolution
		Debug|Any CPU = Debug|Any CPU
		Release|Any CPU = Release|Any CPU
	EndGlobalSection
	GlobalSection(ProjectConfigurationPlatforms) = postSolution
		{3D37A1CF-E151-476C-8136-9EEDD4C684EB}.Debug|Any CPU.ActiveCfg = Debug|Any CPU
		{3D37A1CF-E151-476C-8136-9EEDD4C684EB}.Debug|Any CPU.Build.0 = Debug|Any CPU
		{3D37A1CF-E151-476C-8136-9EEDD4C684EB}.Release|Any CPU.ActiveCfg = Release|Any CPU
		{3D37A1CF-E151-476C-8136-9EEDD4C684EB}.Release|Any CPU.Build.0 = Release|Any CPU
		{B05E6423-8502-4044-8DC9-EB9863C0C825}.Debug|Any CPU.ActiveCfg = Debug|Any CPU
		{B05E6423-8502-4044-8DC9-EB9863C0C825}.Debug|Any CPU.Build.0 = Debug|Any CPU
		{B05E6423-8502-4044-8DC9-EB9863C0C825}.Release|Any CPU.ActiveCfg = Release|Any CPU
		{B05E6423-8502-4044-8DC9-EB9863C0C825}.Release|Any CPU.Build.0 = Release|Any CPU
		{EC33B5EB-B0DA-4A8B-A364-7253503281B8}.Debug|Any CPU.ActiveCfg = Debug|Any CPU
		{EC33B5EB-B0DA-4A8B-A364-7253503281B8}.Debug|Any CPU.Build.0 = Debug|Any CPU
		{EC33B5EB-B0DA-4A8B-A364-7253503281B8}.Release|Any CPU.ActiveCfg = Release|Any CPU
		{EC33B5EB-B0DA-4A8B-A364-7253503281B8}.Release|Any CPU.Build.0 = Release|Any CPU
		{FAEC4E67-B537-4B91-A1D7-AC2F926AA8F5}.Debug|Any CPU.ActiveCfg = Debug|Any CPU
		{FAEC4E67-B537-4B91-A1D7-AC2F926AA8F5}.Debug|Any CPU.Build.0 = Debug|Any CPU
		{FAEC4E67-B537-4B91-A1D7-AC2F926AA8F5}.Release|Any CPU.ActiveCfg = Release|Any CPU
		{FAEC4E67-B537-4B91-A1D7-AC2F926AA8F5}.Release|Any CPU.Build.0 = Release|Any CPU
	EndGlobalSection
	GlobalSection(SolutionProperties) = preSolution
		HideSolutionNode = FALSE
	EndGlobalSection
	GlobalSection(ExtensibilityGlobals) = postSolution
		SolutionGuid = {83CAF89A-D7BC-43FF-83E6-48CF864426A0}
	EndGlobalSection
EndGlobal
